
Microsoft Visual Studio Solution File, Format Version 10.00
# Visual C# Express 2008
Project("{FAE04EC0-301F-11D3-BF4B-00C04F79EFBC}") = "CMVEditor", "CMVEditor.csproj", "{0914DA4C-EAAF-4A5D-A5DD-EB2078E7019D}"
EndProject
Project("{FAE04EC0-301F-11D3-BF4B-00C04F79EFBC}") = "CMVEditorComponents", "..\CMVEditorComponents\CMVEditorComponents.csproj", "{9EADD393-4992-4DFE-A402-A8FCDC4A3AF6}"
EndProject
Project("{FAE04EC0-301F-11D3-BF4B-00C04F79EFBC}") = "CMVData", "..\CMV\CMVData.csproj", "{4E778754-6D56-4779-97A0-5D5C487D2CF8}"
EndProject
Project("{FAE04EC0-301F-11D3-BF4B-00C04F79EFBC}") = "ImmutableTimeline", "..\ImmutableTimeline\ImmutableTimeline.csproj", "{F14D1F1D-E02E-4D3C-9FD4-43CC36EC970E}"
EndProject
Global
	GlobalSection(SolutionConfigurationPlatforms) = preSolution
		Debug|Any CPU = Debug|Any CPU
		Release|Any CPU = Release|Any CPU
	EndGlobalSection
	GlobalSection(ProjectConfigurationPlatforms) = postSolution
		{0914DA4C-EAAF-4A5D-A5DD-EB2078E7019D}.Debug|Any CPU.ActiveCfg = Debug|Any CPU
		{0914DA4C-EAAF-4A5D-A5DD-EB2078E7019D}.Debug|Any CPU.Build.0 = Debug|Any CPU
		{0914DA4C-EAAF-4A5D-A5DD-EB2078E7019D}.Release|Any CPU.ActiveCfg = Release|Any CPU
		{0914DA4C-EAAF-4A5D-A5DD-EB2078E7019D}.Release|Any CPU.Build.0 = Release|Any CPU
		{9EADD393-4992-4DFE-A402-A8FCDC4A3AF6}.Debug|Any CPU.ActiveCfg = Debug|Any CPU
		{9EADD393-4992-4DFE-A402-A8FCDC4A3AF6}.Debug|Any CPU.Build.0 = Debug|Any CPU
		{9EADD393-4992-4DFE-A402-A8FCDC4A3AF6}.Release|Any CPU.ActiveCfg = Release|Any CPU
		{9EADD393-4992-4DFE-A402-A8FCDC4A3AF6}.Release|Any CPU.Build.0 = Release|Any CPU
		{4E778754-6D56-4779-97A0-5D5C487D2CF8}.Debug|Any CPU.ActiveCfg = Debug|Any CPU
		{4E778754-6D56-4779-97A0-5D5C487D2CF8}.Debug|Any CPU.Build.0 = Debug|Any CPU
		{4E778754-6D56-4779-97A0-5D5C487D2CF8}.Release|Any CPU.ActiveCfg = Release|Any CPU
		{4E778754-6D56-4779-97A0-5D5C487D2CF8}.Release|Any CPU.Build.0 = Release|Any CPU
		{F14D1F1D-E02E-4D3C-9FD4-43CC36EC970E}.Debug|Any CPU.ActiveCfg = Debug|Any CPU
		{F14D1F1D-E02E-4D3C-9FD4-43CC36EC970E}.Debug|Any CPU.Build.0 = Debug|Any CPU
		{F14D1F1D-E02E-4D3C-9FD4-43CC36EC970E}.Release|Any CPU.ActiveCfg = Release|Any CPU
		{F14D1F1D-E02E-4D3C-9FD4-43CC36EC970E}.Release|Any CPU.Build.0 = Release|Any CPU
	EndGlobalSection
	GlobalSection(SolutionProperties) = preSolution
		HideSolutionNode = FALSE
	EndGlobalSection
EndGlobal
